
Microsoft Visual Studio Solution File, Format Version 12.00
# Visual Studio Version 16
VisualStudioVersion = 16.0.29920.165
MinimumVisualStudioVersion = 10.0.40219.1
Project("{9A19103F-16F7-4668-BE54-9A1E7A4F7556}") = "Controller.CodeFixes", "ControllerDiagnostics\Controller.CodeFixes.csproj", "{65A6B2D3-CD03-4BBE-8027-3A2EF9725F8F}"
EndProject
Project("{9A19103F-16F7-4668-BE54-9A1E7A4F7556}") = "ControllerDiagnostics.Test", "ControllerDiagnostics.Test\ControllerDiagnostics.Test.csproj", "{7D3657EB-2CEE-48A3-9C1A-6E997F7BCC82}"
EndProject
Project("{FAE04EC0-301F-11D3-BF4B-00C04F79EFBC}") = "ControllerDiagnostics.Vsix", "ControllerDiagnostics.Vsix\ControllerDiagnostics.Vsix.csproj", "{627ED623-903C-4083-8EDC-EA1AF7B31F0F}"
EndProject
Project("{FAE04EC0-301F-11D3-BF4B-00C04F79EFBC}") = "ControllerAnalyzers", "ControllerAnalyzers\ControllerAnalyzers.csproj", "{75881C47-9A70-4344-A75B-AB2C08003212}"
EndProject
Global
	GlobalSection(SolutionConfigurationPlatforms) = preSolution
		Debug|Any CPU = Debug|Any CPU
		Release|Any CPU = Release|Any CPU
	EndGlobalSection
	GlobalSection(ProjectConfigurationPlatforms) = postSolution
		{65A6B2D3-CD03-4BBE-8027-3A2EF9725F8F}.Debug|Any CPU.ActiveCfg = Debug|Any CPU
		{65A6B2D3-CD03-4BBE-8027-3A2EF9725F8F}.Debug|Any CPU.Build.0 = Debug|Any CPU
		{65A6B2D3-CD03-4BBE-8027-3A2EF9725F8F}.Release|Any CPU.ActiveCfg = Release|Any CPU
		{65A6B2D3-CD03-4BBE-8027-3A2EF9725F8F}.Release|Any CPU.Build.0 = Release|Any CPU
		{7D3657EB-2CEE-48A3-9C1A-6E997F7BCC82}.Debug|Any CPU.ActiveCfg = Debug|Any CPU
		{7D3657EB-2CEE-48A3-9C1A-6E997F7BCC82}.Debug|Any CPU.Build.0 = Debug|Any CPU
		{7D3657EB-2CEE-48A3-9C1A-6E997F7BCC82}.Release|Any CPU.ActiveCfg = Release|Any CPU
		{7D3657EB-2CEE-48A3-9C1A-6E997F7BCC82}.Release|Any CPU.Build.0 = Release|Any CPU
		{627ED623-903C-4083-8EDC-EA1AF7B31F0F}.Debug|Any CPU.ActiveCfg = Debug|Any CPU
		{627ED623-903C-4083-8EDC-EA1AF7B31F0F}.Debug|Any CPU.Build.0 = Debug|Any CPU
		{627ED623-903C-4083-8EDC-EA1AF7B31F0F}.Release|Any CPU.ActiveCfg = Release|Any CPU
		{627ED623-903C-4083-8EDC-EA1AF7B31F0F}.Release|Any CPU.Build.0 = Release|Any CPU
		{75881C47-9A70-4344-A75B-AB2C08003212}.Debug|Any CPU.ActiveCfg = Debug|Any CPU
		{75881C47-9A70-4344-A75B-AB2C08003212}.Debug|Any CPU.Build.0 = Debug|Any CPU
		{75881C47-9A70-4344-A75B-AB2C08003212}.Release|Any CPU.ActiveCfg = Release|Any CPU
		{75881C47-9A70-4344-A75B-AB2C08003212}.Release|Any CPU.Build.0 = Release|Any CPU
	EndGlobalSection
	GlobalSection(SolutionProperties) = preSolution
		HideSolutionNode = FALSE
	EndGlobalSection
	GlobalSection(ExtensibilityGlobals) = postSolution
		SolutionGuid = {8310625B-1CD6-44EC-8484-69B52B45F811}
	EndGlobalSection
EndGlobal
