
Microsoft Visual Studio Solution File, Format Version 12.00
# Visual Studio 15
VisualStudioVersion = 15.0.26228.4
MinimumVisualStudioVersion = 10.0.40219.1
Project("{FAE04EC0-301F-11D3-BF4B-00C04F79EFBC}") = "TestProject", "CsDemos\TestProject.csproj", "{370DEF7A-9954-4E93-8188-AF90E9237ED2}"
EndProject
Project("{E24C65DC-7377-472B-9ABA-BC803B73C61A}") = "JsDemos(1)", "JsDemos\", "{0046D22C-293F-412C-9AE7-E59C34033AEA}"
	ProjectSection(WebsiteProperties) = preProject
		TargetFrameworkMoniker = ".NETFramework,Version%3Dv4.0"
		Debug.AspNetCompiler.VirtualPath = "/localhost_53891"
		Debug.AspNetCompiler.PhysicalPath = "JsDemos\"
		Debug.AspNetCompiler.TargetPath = "PrecompiledWeb\localhost_53891\"
		Debug.AspNetCompiler.Updateable = "true"
		Debug.AspNetCompiler.ForceOverwrite = "true"
		Debug.AspNetCompiler.FixedNames = "false"
		Debug.AspNetCompiler.Debug = "True"
		Release.AspNetCompiler.VirtualPath = "/localhost_53891"
		Release.AspNetCompiler.PhysicalPath = "JsDemos\"
		Release.AspNetCompiler.TargetPath = "PrecompiledWeb\localhost_53891\"
		Release.AspNetCompiler.Updateable = "true"
		Release.AspNetCompiler.ForceOverwrite = "true"
		Release.AspNetCompiler.FixedNames = "false"
		Release.AspNetCompiler.Debug = "False"
		VWDPort = "53891"
	EndProjectSection
EndProject
Global
	GlobalSection(SolutionConfigurationPlatforms) = preSolution
		Debug|Any CPU = Debug|Any CPU
		Release|Any CPU = Release|Any CPU
	EndGlobalSection
	GlobalSection(ProjectConfigurationPlatforms) = postSolution
		{370DEF7A-9954-4E93-8188-AF90E9237ED2}.Debug|Any CPU.ActiveCfg = Debug|Any CPU
		{370DEF7A-9954-4E93-8188-AF90E9237ED2}.Debug|Any CPU.Build.0 = Debug|Any CPU
		{370DEF7A-9954-4E93-8188-AF90E9237ED2}.Release|Any CPU.ActiveCfg = Release|Any CPU
		{370DEF7A-9954-4E93-8188-AF90E9237ED2}.Release|Any CPU.Build.0 = Release|Any CPU
		{0046D22C-293F-412C-9AE7-E59C34033AEA}.Debug|Any CPU.ActiveCfg = Debug|Any CPU
		{0046D22C-293F-412C-9AE7-E59C34033AEA}.Debug|Any CPU.Build.0 = Debug|Any CPU
		{0046D22C-293F-412C-9AE7-E59C34033AEA}.Release|Any CPU.ActiveCfg = Debug|Any CPU
		{0046D22C-293F-412C-9AE7-E59C34033AEA}.Release|Any CPU.Build.0 = Debug|Any CPU
	EndGlobalSection
	GlobalSection(SolutionProperties) = preSolution
		HideSolutionNode = FALSE
	EndGlobalSection
EndGlobal
