
Microsoft Visual Studio Solution File, Format Version 12.00
# Visual Studio Version 17
VisualStudioVersion = 17.0.31606.5
MinimumVisualStudioVersion = 10.0.40219.1
Project("{9A19103F-16F7-4668-BE54-9A1E7A4F7556}") = "TestProject", "CsDemos\TestProject.csproj", "{370DEF7A-9954-4E93-8188-AF90E9237ED2}"
EndProject
Project("{2150E333-8FDC-42A3-9474-1A3956D46DE8}") = "Solution Items", "Solution Items", "{CFA26D3A-C6C2-4D0D-8550-9B34A68FC85D}"
	ProjectSection(SolutionItems) = preProject
		.editorconfig = .editorconfig
	EndProjectSection
EndProject
Global
	GlobalSection(SolutionConfigurationPlatforms) = preSolution
		Debug|Any CPU = Debug|Any CPU
		Release|Any CPU = Release|Any CPU
	EndGlobalSection
	GlobalSection(ProjectConfigurationPlatforms) = postSolution
		{370DEF7A-9954-4E93-8188-AF90E9237ED2}.Debug|Any CPU.ActiveCfg = Debug|Any CPU
		{370DEF7A-9954-4E93-8188-AF90E9237ED2}.Debug|Any CPU.Build.0 = Debug|Any CPU
		{370DEF7A-9954-4E93-8188-AF90E9237ED2}.Release|Any CPU.ActiveCfg = Release|Any CPU
		{370DEF7A-9954-4E93-8188-AF90E9237ED2}.Release|Any CPU.Build.0 = Release|Any CPU
	EndGlobalSection
	GlobalSection(SolutionProperties) = preSolution
		HideSolutionNode = FALSE
	EndGlobalSection
	GlobalSection(ExtensibilityGlobals) = postSolution
		SolutionGuid = {7000BC0F-23E3-4089-B6C6-72ECFD1446AF}
	EndGlobalSection
EndGlobal
