
Microsoft Visual Studio Solution File, Format Version 12.00
# Visual Studio 15
VisualStudioVersion = 15.0.27428.2005
MinimumVisualStudioVersion = 10.0.40219.1
Project("{FAE04EC0-301F-11D3-BF4B-00C04F79EFBC}") = "Analyzer4", "Analyzer4\Analyzer4\Analyzer4.csproj", "{B5024208-A30A-4503-AC28-719757DC8B7A}"
EndProject
Project("{FAE04EC0-301F-11D3-BF4B-00C04F79EFBC}") = "Analyzer4.Test", "Analyzer4\Analyzer4.Test\Analyzer4.Test.csproj", "{7F22E9DB-0BDA-402A-8E95-690D5194C8ED}"
EndProject
Project("{FAE04EC0-301F-11D3-BF4B-00C04F79EFBC}") = "Analyzer4.Vsix", "Analyzer4\Analyzer4.Vsix\Analyzer4.Vsix.csproj", "{7FCCCBE3-C81F-4644-B3DD-48F0A41B1B15}"
EndProject
Global
	GlobalSection(SolutionConfigurationPlatforms) = preSolution
		Debug|Any CPU = Debug|Any CPU
		Release|Any CPU = Release|Any CPU
	EndGlobalSection
	GlobalSection(ProjectConfigurationPlatforms) = postSolution
		{B5024208-A30A-4503-AC28-719757DC8B7A}.Debug|Any CPU.ActiveCfg = Debug|Any CPU
		{B5024208-A30A-4503-AC28-719757DC8B7A}.Debug|Any CPU.Build.0 = Debug|Any CPU
		{B5024208-A30A-4503-AC28-719757DC8B7A}.Release|Any CPU.ActiveCfg = Release|Any CPU
		{B5024208-A30A-4503-AC28-719757DC8B7A}.Release|Any CPU.Build.0 = Release|Any CPU
		{7F22E9DB-0BDA-402A-8E95-690D5194C8ED}.Debug|Any CPU.ActiveCfg = Debug|Any CPU
		{7F22E9DB-0BDA-402A-8E95-690D5194C8ED}.Debug|Any CPU.Build.0 = Debug|Any CPU
		{7F22E9DB-0BDA-402A-8E95-690D5194C8ED}.Release|Any CPU.ActiveCfg = Release|Any CPU
		{7F22E9DB-0BDA-402A-8E95-690D5194C8ED}.Release|Any CPU.Build.0 = Release|Any CPU
		{7FCCCBE3-C81F-4644-B3DD-48F0A41B1B15}.Debug|Any CPU.ActiveCfg = Debug|Any CPU
		{7FCCCBE3-C81F-4644-B3DD-48F0A41B1B15}.Debug|Any CPU.Build.0 = Debug|Any CPU
		{7FCCCBE3-C81F-4644-B3DD-48F0A41B1B15}.Release|Any CPU.ActiveCfg = Release|Any CPU
		{7FCCCBE3-C81F-4644-B3DD-48F0A41B1B15}.Release|Any CPU.Build.0 = Release|Any CPU
	EndGlobalSection
	GlobalSection(SolutionProperties) = preSolution
		HideSolutionNode = FALSE
	EndGlobalSection
	GlobalSection(ExtensibilityGlobals) = postSolution
		SolutionGuid = {7552D924-BB37-48CF-B477-6B253238B850}
	EndGlobalSection
EndGlobal
